
Microsoft Visual Studio Solution File, Format Version 12.00
# Visual Studio Version 17
VisualStudioVersion = 17.1.32319.34
MinimumVisualStudioVersion = 10.0.40219.1
Project("{FAE04EC0-301F-11D3-BF4B-00C04F79EFBC}") = "DesignPatterns", "DesignPatterns\DesignPatterns.csproj", "{5CBE99A5-D3EA-4BCF-A71E-7BE9E12FF514}"
EndProject
Global
	GlobalSection(SolutionConfigurationPlatforms) = preSolution
		Debug|Any CPU = Debug|Any CPU
		Release|Any CPU = Release|Any CPU
	EndGlobalSection
	GlobalSection(ProjectConfigurationPlatforms) = postSolution
		{5CBE99A5-D3EA-4BCF-A71E-7BE9E12FF514}.Debug|Any CPU.ActiveCfg = Debug|Any CPU
		{5CBE99A5-D3EA-4BCF-A71E-7BE9E12FF514}.Debug|Any CPU.Build.0 = Debug|Any CPU
		{5CBE99A5-D3EA-4BCF-A71E-7BE9E12FF514}.Release|Any CPU.ActiveCfg = Release|Any CPU
		{5CBE99A5-D3EA-4BCF-A71E-7BE9E12FF514}.Release|Any CPU.Build.0 = Release|Any CPU
	EndGlobalSection
	GlobalSection(SolutionProperties) = preSolution
		HideSolutionNode = FALSE
	EndGlobalSection
	GlobalSection(ExtensibilityGlobals) = postSolution
		SolutionGuid = {0A1E579F-0F21-459F-86CE-857C5AEB6699}
	EndGlobalSection
EndGlobal
